
Microsoft Visual Studio Solution File, Format Version 12.00
# Visual Studio Version 17
VisualStudioVersion = 17.7.34003.232
MinimumVisualStudioVersion = 10.0.40219.1
Project("{FAE04EC0-301F-11D3-BF4B-00C04F79EFBC}") = "TA27_M6", "TA27_M6.csproj", "{83573702-1CA1-4B30-ABEF-A6BB9C15F0FD}"
EndProject
Global
	GlobalSection(SolutionConfigurationPlatforms) = preSolution
		Debug|Any CPU = Debug|Any CPU
		Release|Any CPU = Release|Any CPU
	EndGlobalSection
	GlobalSection(ProjectConfigurationPlatforms) = postSolution
		{83573702-1CA1-4B30-ABEF-A6BB9C15F0FD}.Debug|Any CPU.ActiveCfg = Debug|Any CPU
		{83573702-1CA1-4B30-ABEF-A6BB9C15F0FD}.Debug|Any CPU.Build.0 = Debug|Any CPU
		{83573702-1CA1-4B30-ABEF-A6BB9C15F0FD}.Release|Any CPU.ActiveCfg = Release|Any CPU
		{83573702-1CA1-4B30-ABEF-A6BB9C15F0FD}.Release|Any CPU.Build.0 = Release|Any CPU
	EndGlobalSection
	GlobalSection(SolutionProperties) = preSolution
		HideSolutionNode = FALSE
	EndGlobalSection
	GlobalSection(ExtensibilityGlobals) = postSolution
		SolutionGuid = {EC8B572D-068D-4018-AD9E-F8ABE7A4F824}
	EndGlobalSection
EndGlobal
